
Microsoft Visual Studio Solution File, Format Version 12.00
# Visual Studio Version 17
VisualStudioVersion = 17.0.31903.59
MinimumVisualStudioVersion = 10.0.40219.1
Project("{F2A71F9B-5D33-465A-A702-920D77279786}") = "Flaco", "src\Flaco.fsproj", "{CFDC2BA9-F171-4E9F-8BE0-83EEF678415A}"
EndProject
Global
	GlobalSection(SolutionConfigurationPlatforms) = preSolution
		Debug|Any CPU = Debug|Any CPU
		Release|Any CPU = Release|Any CPU
	EndGlobalSection
	GlobalSection(SolutionProperties) = preSolution
		HideSolutionNode = FALSE
	EndGlobalSection
	GlobalSection(ProjectConfigurationPlatforms) = postSolution
		{CFDC2BA9-F171-4E9F-8BE0-83EEF678415A}.Debug|Any CPU.ActiveCfg = Debug|Any CPU
		{CFDC2BA9-F171-4E9F-8BE0-83EEF678415A}.Debug|Any CPU.Build.0 = Debug|Any CPU
		{CFDC2BA9-F171-4E9F-8BE0-83EEF678415A}.Release|Any CPU.ActiveCfg = Release|Any CPU
		{CFDC2BA9-F171-4E9F-8BE0-83EEF678415A}.Release|Any CPU.Build.0 = Release|Any CPU
	EndGlobalSection
EndGlobal
